
Microsoft Visual Studio Solution File, Format Version 12.00
# Visual Studio Version 17
VisualStudioVersion = 17.4.33213.308
MinimumVisualStudioVersion = 10.0.40219.1
Project("{9A19103F-16F7-4668-BE54-9A1E7A4F7556}") = "AdoptionApplication.Server", "AdoptionApplication\Server\AdoptionApplication.Server.csproj", "{CC0943AF-D3C4-48F9-8376-FA35D6666F05}"
EndProject
Project("{9A19103F-16F7-4668-BE54-9A1E7A4F7556}") = "AdoptionApplication.Client", "AdoptionApplication\Client\AdoptionApplication.Client.csproj", "{127CA726-7DA0-4A47-98D9-FC0F3067A35F}"
EndProject
Project("{9A19103F-16F7-4668-BE54-9A1E7A4F7556}") = "AdoptionApplication.Shared", "AdoptionApplication\Shared\AdoptionApplication.Shared.csproj", "{A41A33E4-45BA-4FD1-BDBE-F7B00F275A0D}"
EndProject
Project("{FAE04EC0-301F-11D3-BF4B-00C04F79EFBC}") = "IntegrationTests", "IntegrationTests\IntegrationTests.csproj", "{B4C1760F-EA00-4E3F-882E-0EDDEF20A5B6}"
EndProject
Global
	GlobalSection(SolutionConfigurationPlatforms) = preSolution
		Debug|Any CPU = Debug|Any CPU
		Release|Any CPU = Release|Any CPU
	EndGlobalSection
	GlobalSection(ProjectConfigurationPlatforms) = postSolution
		{CC0943AF-D3C4-48F9-8376-FA35D6666F05}.Debug|Any CPU.ActiveCfg = Debug|Any CPU
		{CC0943AF-D3C4-48F9-8376-FA35D6666F05}.Debug|Any CPU.Build.0 = Debug|Any CPU
		{CC0943AF-D3C4-48F9-8376-FA35D6666F05}.Release|Any CPU.ActiveCfg = Release|Any CPU
		{CC0943AF-D3C4-48F9-8376-FA35D6666F05}.Release|Any CPU.Build.0 = Release|Any CPU
		{127CA726-7DA0-4A47-98D9-FC0F3067A35F}.Debug|Any CPU.ActiveCfg = Debug|Any CPU
		{127CA726-7DA0-4A47-98D9-FC0F3067A35F}.Debug|Any CPU.Build.0 = Debug|Any CPU
		{127CA726-7DA0-4A47-98D9-FC0F3067A35F}.Release|Any CPU.ActiveCfg = Release|Any CPU
		{127CA726-7DA0-4A47-98D9-FC0F3067A35F}.Release|Any CPU.Build.0 = Release|Any CPU
		{A41A33E4-45BA-4FD1-BDBE-F7B00F275A0D}.Debug|Any CPU.ActiveCfg = Debug|Any CPU
		{A41A33E4-45BA-4FD1-BDBE-F7B00F275A0D}.Debug|Any CPU.Build.0 = Debug|Any CPU
		{A41A33E4-45BA-4FD1-BDBE-F7B00F275A0D}.Release|Any CPU.ActiveCfg = Release|Any CPU
		{A41A33E4-45BA-4FD1-BDBE-F7B00F275A0D}.Release|Any CPU.Build.0 = Release|Any CPU
		{B4C1760F-EA00-4E3F-882E-0EDDEF20A5B6}.Debug|Any CPU.ActiveCfg = Debug|Any CPU
		{B4C1760F-EA00-4E3F-882E-0EDDEF20A5B6}.Debug|Any CPU.Build.0 = Debug|Any CPU
		{B4C1760F-EA00-4E3F-882E-0EDDEF20A5B6}.Release|Any CPU.ActiveCfg = Release|Any CPU
		{B4C1760F-EA00-4E3F-882E-0EDDEF20A5B6}.Release|Any CPU.Build.0 = Release|Any CPU
	EndGlobalSection
	GlobalSection(SolutionProperties) = preSolution
		HideSolutionNode = FALSE
	EndGlobalSection
	GlobalSection(ExtensibilityGlobals) = postSolution
		SolutionGuid = {7A8DFFB1-AB7F-409F-924C-FDF78CA9B6C0}
	EndGlobalSection
EndGlobal
